
Microsoft Visual Studio Solution File, Format Version 12.00
# Visual Studio Version 17
VisualStudioVersion = 17.8.34511.84
MinimumVisualStudioVersion = 10.0.40219.1
Project("{FAE04EC0-301F-11D3-BF4B-00C04F79EFBC}") = "SpinutechCodeAssignment", "SpinutechCodeAssignment\SpinutechCodeAssignment.csproj", "{E8F74BEA-1457-4FA4-92B6-38BACD71C903}"
EndProject
Global
	GlobalSection(SolutionConfigurationPlatforms) = preSolution
		Debug|Any CPU = Debug|Any CPU
		Release|Any CPU = Release|Any CPU
	EndGlobalSection
	GlobalSection(ProjectConfigurationPlatforms) = postSolution
		{E8F74BEA-1457-4FA4-92B6-38BACD71C903}.Debug|Any CPU.ActiveCfg = Debug|Any CPU
		{E8F74BEA-1457-4FA4-92B6-38BACD71C903}.Debug|Any CPU.Build.0 = Debug|Any CPU
		{E8F74BEA-1457-4FA4-92B6-38BACD71C903}.Release|Any CPU.ActiveCfg = Release|Any CPU
		{E8F74BEA-1457-4FA4-92B6-38BACD71C903}.Release|Any CPU.Build.0 = Release|Any CPU
	EndGlobalSection
	GlobalSection(SolutionProperties) = preSolution
		HideSolutionNode = FALSE
	EndGlobalSection
	GlobalSection(ExtensibilityGlobals) = postSolution
		SolutionGuid = {CF5DEB0C-2212-4A9C-AF6D-39EF8A07E460}
	EndGlobalSection
EndGlobal
